
Microsoft Visual Studio Solution File, Format Version 12.00
# Visual Studio Version 17
VisualStudioVersion = 17.6.33829.357
MinimumVisualStudioVersion = 10.0.40219.1
Project("{FAE04EC0-301F-11D3-BF4B-00C04F79EFBC}") = "OpenSeattleChallenge", "OpenSeattleChallenge\OpenSeattleChallenge.csproj", "{5B7830C5-9761-4229-8C48-3400FF16FC65}"
EndProject
Global
	GlobalSection(SolutionConfigurationPlatforms) = preSolution
		Debug|Any CPU = Debug|Any CPU
		Release|Any CPU = Release|Any CPU
	EndGlobalSection
	GlobalSection(ProjectConfigurationPlatforms) = postSolution
		{5B7830C5-9761-4229-8C48-3400FF16FC65}.Debug|Any CPU.ActiveCfg = Debug|Any CPU
		{5B7830C5-9761-4229-8C48-3400FF16FC65}.Debug|Any CPU.Build.0 = Debug|Any CPU
		{5B7830C5-9761-4229-8C48-3400FF16FC65}.Release|Any CPU.ActiveCfg = Release|Any CPU
		{5B7830C5-9761-4229-8C48-3400FF16FC65}.Release|Any CPU.Build.0 = Release|Any CPU
	EndGlobalSection
	GlobalSection(SolutionProperties) = preSolution
		HideSolutionNode = FALSE
	EndGlobalSection
	GlobalSection(ExtensibilityGlobals) = postSolution
		SolutionGuid = {508464A7-AC53-499A-931C-33E812FCB203}
	EndGlobalSection
EndGlobal
